// !$*UTF8*$!
{
	archiveVersion = 1;
	classes = {
	};
	objectVersion = 56;
	objects = {

/* Begin PBXBuildFile section */
		2A8EFEE42A45FF0E0093D53C /* AppDelegate.swift in Sources */ = {isa = PBXBuildFile; fileRef = 2A8EFEE32A45FF0E0093D53C /* AppDelegate.swift */; };
		2A8EFEE82A45FF0E0093D53C /* HomeViewController.swift in Sources */ = {isa = PBXBuildFile; fileRef = 2A8EFEE72A45FF0E0093D53C /* HomeViewController.swift */; };
		2A8EFEEE2A45FF0E0093D53C /* ChallangeRickAndMorty.xcdatamodeld in Sources */ = {isa = PBXBuildFile; fileRef = 2A8EFEEC2A45FF0E0093D53C /* ChallangeRickAndMorty.xcdatamodeld */; };
		2A8EFEF02A45FF100093D53C /* Assets.xcassets in Resources */ = {isa = PBXBuildFile; fileRef = 2A8EFEEF2A45FF100093D53C /* Assets.xcassets */; };
		2A8EFEF32A45FF100093D53C /* LaunchScreen.storyboard in Resources */ = {isa = PBXBuildFile; fileRef = 2A8EFEF12A45FF100093D53C /* LaunchScreen.storyboard */; };
		2A8EFEFE2A45FF100093D53C /* ChallangeRickAndMortyTests.swift in Sources */ = {isa = PBXBuildFile; fileRef = 2A8EFEFD2A45FF100093D53C /* ChallangeRickAndMortyTests.swift */; };
		2A8EFF082A45FF100093D53C /* ChallangeRickAndMortyUITests.swift in Sources */ = {isa = PBXBuildFile; fileRef = 2A8EFF072A45FF100093D53C /* ChallangeRickAndMortyUITests.swift */; };
		2A8EFF0A2A45FF100093D53C /* ChallangeRickAndMortyUITestsLaunchTests.swift in Sources */ = {isa = PBXBuildFile; fileRef = 2A8EFF092A45FF100093D53C /* ChallangeRickAndMortyUITestsLaunchTests.swift */; };
		2A8EFF1A2A4601AE0093D53C /* HomeView.swift in Sources */ = {isa = PBXBuildFile; fileRef = 2A8EFF192A4601AE0093D53C /* HomeView.swift */; };
		2A8EFF1C2A4606A70093D53C /* HomeCell.swift in Sources */ = {isa = PBXBuildFile; fileRef = 2A8EFF1B2A4606A70093D53C /* HomeCell.swift */; };
		2A8EFF1E2A4616170093D53C /* DetalhesViewController.swift in Sources */ = {isa = PBXBuildFile; fileRef = 2A8EFF1D2A4616170093D53C /* DetalhesViewController.swift */; };
		2A8EFF202A461B810093D53C /* DetalhesView.swift in Sources */ = {isa = PBXBuildFile; fileRef = 2A8EFF1F2A461B810093D53C /* DetalhesView.swift */; };
/* End PBXBuildFile section */

/* Begin PBXContainerItemProxy section */
		2A8EFEFA2A45FF100093D53C /* PBXContainerItemProxy */ = {
			isa = PBXContainerItemProxy;
			containerPortal = 2A8EFED82A45FF0E0093D53C /* Project object */;
			proxyType = 1;
			remoteGlobalIDString = 2A8EFEDF2A45FF0E0093D53C;
			remoteInfo = ChallangeRickAndMorty;
		};
		2A8EFF042A45FF100093D53C /* PBXContainerItemProxy */ = {
			isa = PBXContainerItemProxy;
			containerPortal = 2A8EFED82A45FF0E0093D53C /* Project object */;
			proxyType = 1;
			remoteGlobalIDString = 2A8EFEDF2A45FF0E0093D53C;
			remoteInfo = ChallangeRickAndMorty;
		};
/* End PBXContainerItemProxy section */

/* Begin PBXFileReference section */
		2A8EFEE02A45FF0E0093D53C /* ChallangeRickAndMorty.app */ = {isa = PBXFileReference; explicitFileType = wrapper.application; includeInIndex = 0; path = ChallangeRickAndMorty.app; sourceTree = BUILT_PRODUCTS_DIR; };
		2A8EFEE32A45FF0E0093D53C /* AppDelegate.swift */ = {isa = PBXFileReference; lastKnownFileType = sourcecode.swift; path = AppDelegate.swift; sourceTree = "<group>"; };
		2A8EFEE72A45FF0E0093D53C /* HomeViewController.swift */ = {isa = PBXFileReference; lastKnownFileType = sourcecode.swift; path = HomeViewController.swift; sourceTree = "<group>"; };
		2A8EFEED2A45FF0E0093D53C /* ChallangeRickAndMorty.xcdatamodel */ = {isa = PBXFileReference; lastKnownFileType = wrapper.xcdatamodel; path = ChallangeRickAndMorty.xcdatamodel; sourceTree = "<group>"; };
		2A8EFEEF2A45FF100093D53C /* Assets.xcassets */ = {isa = PBXFileReference; lastKnownFileType = folder.assetcatalog; path = Assets.xcassets; sourceTree = "<group>"; };
		2A8EFEF22A45FF100093D53C /* Base */ = {isa = PBXFileReference; lastKnownFileType = file.storyboard; name = Base; path = Base.lproj/LaunchScreen.storyboard; sourceTree = "<group>"; };
		2A8EFEF42A45FF100093D53C /* Info.plist */ = {isa = PBXFileReference; lastKnownFileType = text.plist.xml; path = Info.plist; sourceTree = "<group>"; };
		2A8EFEF92A45FF100093D53C /* ChallangeRickAndMortyTests.xctest */ = {isa = PBXFileReference; explicitFileType = wrapper.cfbundle; includeInIndex = 0; path = ChallangeRickAndMortyTests.xctest; sourceTree = BUILT_PRODUCTS_DIR; };
		2A8EFEFD2A45FF100093D53C /* ChallangeRickAndMortyTests.swift */ = {isa = PBXFileReference; lastKnownFileType = sourcecode.swift; path = ChallangeRickAndMortyTests.swift; sourceTree = "<group>"; };
		2A8EFF032A45FF100093D53C /* ChallangeRickAndMortyUITests.xctest */ = {isa = PBXFileReference; explicitFileType = wrapper.cfbundle; includeInIndex = 0; path = ChallangeRickAndMortyUITests.xctest; sourceTree = BUILT_PRODUCTS_DIR; };
		2A8EFF072A45FF100093D53C /* ChallangeRickAndMortyUITests.swift */ = {isa = PBXFileReference; lastKnownFileType = sourcecode.swift; path = ChallangeRickAndMortyUITests.swift; sourceTree = "<group>"; };
		2A8EFF092A45FF100093D53C /* ChallangeRickAndMortyUITestsLaunchTests.swift */ = {isa = PBXFileReference; lastKnownFileType = sourcecode.swift; path = ChallangeRickAndMortyUITestsLaunchTests.swift; sourceTree = "<group>"; };
		2A8EFF192A4601AE0093D53C /* HomeView.swift */ = {isa = PBXFileReference; lastKnownFileType = sourcecode.swift; path = HomeView.swift; sourceTree = "<group>"; };
		2A8EFF1B2A4606A70093D53C /* HomeCell.swift */ = {isa = PBXFileReference; lastKnownFileType = sourcecode.swift; path = HomeCell.swift; sourceTree = "<group>"; };
		2A8EFF1D2A4616170093D53C /* DetalhesViewController.swift */ = {isa = PBXFileReference; lastKnownFileType = sourcecode.swift; path = DetalhesViewController.swift; sourceTree = "<group>"; };
		2A8EFF1F2A461B810093D53C /* DetalhesView.swift */ = {isa = PBXFileReference; lastKnownFileType = sourcecode.swift; path = DetalhesView.swift; sourceTree = "<group>"; };
/* End PBXFileReference section */

/* Begin PBXFrameworksBuildPhase section */
		2A8EFEDD2A45FF0E0093D53C /* Frameworks */ = {
			isa = PBXFrameworksBuildPhase;
			buildActionMask = 2147483647;
			files = (
			);
			runOnlyForDeploymentPostprocessing = 0;
		};
		2A8EFEF62A45FF100093D53C /* Frameworks */ = {
			isa = PBXFrameworksBuildPhase;
			buildActionMask = 2147483647;
			files = (
			);
			runOnlyForDeploymentPostprocessing = 0;
		};
		2A8EFF002A45FF100093D53C /* Frameworks */ = {
			isa = PBXFrameworksBuildPhase;
			buildActionMask = 2147483647;
			files = (
			);
			runOnlyForDeploymentPostprocessing = 0;
		};
/* End PBXFrameworksBuildPhase section */

/* Begin PBXGroup section */
		2A8EFED72A45FF0E0093D53C = {
			isa = PBXGroup;
			children = (
				2A8EFEE22A45FF0E0093D53C /* ChallangeRickAndMorty */,
				2A8EFEFC2A45FF100093D53C /* ChallangeRickAndMortyTests */,
				2A8EFF062A45FF100093D53C /* ChallangeRickAndMortyUITests */,
				2A8EFEE12A45FF0E0093D53C /* Products */,
			);
			sourceTree = "<group>";
		};
		2A8EFEE12A45FF0E0093D53C /* Products */ = {
			isa = PBXGroup;
			children = (
				2A8EFEE02A45FF0E0093D53C /* ChallangeRickAndMorty.app */,
				2A8EFEF92A45FF100093D53C /* ChallangeRickAndMortyTests.xctest */,
				2A8EFF032A45FF100093D53C /* ChallangeRickAndMortyUITests.xctest */,
			);
			name = Products;
			sourceTree = "<group>";
		};
		2A8EFEE22A45FF0E0093D53C /* ChallangeRickAndMorty */ = {
			isa = PBXGroup;
			children = (
				2A8EFEE32A45FF0E0093D53C /* AppDelegate.swift */,
				2A8EFEF12A45FF100093D53C /* LaunchScreen.storyboard */,
				2A8EFEEF2A45FF100093D53C /* Assets.xcassets */,
				2A8EFF162A4600370093D53C /* Controller */,
				2A8EFF182A4600500093D53C /* Model */,
				2A8EFF172A4600440093D53C /* View */,
				2A8EFEF42A45FF100093D53C /* Info.plist */,
				2A8EFEEC2A45FF0E0093D53C /* ChallangeRickAndMorty.xcdatamodeld */,
			);
			path = ChallangeRickAndMorty;
			sourceTree = "<group>";
		};
		2A8EFEFC2A45FF100093D53C /* ChallangeRickAndMortyTests */ = {
			isa = PBXGroup;
			children = (
				2A8EFEFD2A45FF100093D53C /* ChallangeRickAndMortyTests.swift */,
			);
			path = ChallangeRickAndMortyTests;
			sourceTree = "<group>";
		};
		2A8EFF062A45FF100093D53C /* ChallangeRickAndMortyUITests */ = {
			isa = PBXGroup;
			children = (
				2A8EFF072A45FF100093D53C /* ChallangeRickAndMortyUITests.swift */,
				2A8EFF092A45FF100093D53C /* ChallangeRickAndMortyUITestsLaunchTests.swift */,
			);
			path = ChallangeRickAndMortyUITests;
			sourceTree = "<group>";
		};
		2A8EFF162A4600370093D53C /* Controller */ = {
			isa = PBXGroup;
			children = (
				2A8EFEE72A45FF0E0093D53C /* HomeViewController.swift */,
				2A8EFF1D2A4616170093D53C /* DetalhesViewController.swift */,
			);
			path = Controller;
			sourceTree = "<group>";
		};
		2A8EFF172A4600440093D53C /* View */ = {
			isa = PBXGroup;
			children = (
				2A8EFF192A4601AE0093D53C /* HomeView.swift */,
				2A8EFF1F2A461B810093D53C /* DetalhesView.swift */,
				2A8EFF1B2A4606A70093D53C /* HomeCell.swift */,
			);
			path = View;
			sourceTree = "<group>";
		};
		2A8EFF182A4600500093D53C /* Model */ = {
			isa = PBXGroup;
			children = (
			);
			path = Model;
			sourceTree = "<group>";
		};
/* End PBXGroup section */

/* Begin PBXNativeTarget section */
		2A8EFEDF2A45FF0E0093D53C /* ChallangeRickAndMorty */ = {
			isa = PBXNativeTarget;
			buildConfigurationList = 2A8EFF0D2A45FF100093D53C /* Build configuration list for PBXNativeTarget "ChallangeRickAndMorty" */;
			buildPhases = (
				2A8EFEDC2A45FF0E0093D53C /* Sources */,
				2A8EFEDD2A45FF0E0093D53C /* Frameworks */,
				2A8EFEDE2A45FF0E0093D53C /* Resources */,
			);
			buildRules = (
			);
			dependencies = (
			);
			name = ChallangeRickAndMorty;
			productName = ChallangeRickAndMorty;
			productReference = 2A8EFEE02A45FF0E0093D53C /* ChallangeRickAndMorty.app */;
			productType = "com.apple.product-type.application";
		};
		2A8EFEF82A45FF100093D53C /* ChallangeRickAndMortyTests */ = {
			isa = PBXNativeTarget;
			buildConfigurationList = 2A8EFF102A45FF100093D53C /* Build configuration list for PBXNativeTarget "ChallangeRickAndMortyTests" */;
			buildPhases = (
				2A8EFEF52A45FF100093D53C /* Sources */,
				2A8EFEF62A45FF100093D53C /* Frameworks */,
				2A8EFEF72A45FF100093D53C /* Resources */,
			);
			buildRules = (
			);
			dependencies = (
				2A8EFEFB2A45FF100093D53C /* PBXTargetDependency */,
			);
			name = ChallangeRickAndMortyTests;
			productName = ChallangeRickAndMortyTests;
			productReference = 2A8EFEF92A45FF100093D53C /* ChallangeRickAndMortyTests.xctest */;
			productType = "com.apple.product-type.bundle.unit-test";
		};
		2A8EFF022A45FF100093D53C /* ChallangeRickAndMortyUITests */ = {
			isa = PBXNativeTarget;
			buildConfigurationList = 2A8EFF132A45FF100093D53C /* Build configuration list for PBXNativeTarget "ChallangeRickAndMortyUITests" */;
			buildPhases = (
				2A8EFEFF2A45FF100093D53C /* Sources */,
				2A8EFF002A45FF100093D53C /* Frameworks */,
				2A8EFF012A45FF100093D53C /* Resources */,
			);
			buildRules = (
			);
			dependencies = (
				2A8EFF052A45FF100093D53C /* PBXTargetDependency */,
			);
			name = ChallangeRickAndMortyUITests;
			productName = ChallangeRickAndMortyUITests;
			productReference = 2A8EFF032A45FF100093D53C /* ChallangeRickAndMortyUITests.xctest */;
			productType = "com.apple.product-type.bundle.ui-testing";
		};
/* End PBXNativeTarget section */

/* Begin PBXProject section */
		2A8EFED82A45FF0E0093D53C /* Project object */ = {
			isa = PBXProject;
			attributes = {
				BuildIndependentTargetsInParallel = 1;
				LastSwiftUpdateCheck = 1420;
				LastUpgradeCheck = 1420;
				TargetAttributes = {
					2A8EFEDF2A45FF0E0093D53C = {
						CreatedOnToolsVersion = 14.2;
					};
					2A8EFEF82A45FF100093D53C = {
						CreatedOnToolsVersion = 14.2;
						TestTargetID = 2A8EFEDF2A45FF0E0093D53C;
					};
					2A8EFF022A45FF100093D53C = {
						CreatedOnToolsVersion = 14.2;
						TestTargetID = 2A8EFEDF2A45FF0E0093D53C;
					};
				};
			};
			buildConfigurationList = 2A8EFEDB2A45FF0E0093D53C /* Build configuration list for PBXProject "ChallangeRickAndMorty" */;
			compatibilityVersion = "Xcode 14.0";
			developmentRegion = en;
			hasScannedForEncodings = 0;
			knownRegions = (
				en,
				Base,
			);
			mainGroup = 2A8EFED72A45FF0E0093D53C;
			productRefGroup = 2A8EFEE12A45FF0E0093D53C /* Products */;
			projectDirPath = "";
			projectRoot = "";
			targets = (
				2A8EFEDF2A45FF0E0093D53C /* ChallangeRickAndMorty */,
				2A8EFEF82A45FF100093D53C /* ChallangeRickAndMortyTests */,
				2A8EFF022A45FF100093D53C /* ChallangeRickAndMortyUITests */,
			);
		};
/* End PBXProject section */

/* Begin PBXResourcesBuildPhase section */
		2A8EFEDE2A45FF0E0093D53C /* Resources */ = {
			isa = PBXResourcesBuildPhase;
			buildActionMask = 2147483647;
			files = (
				2A8EFEF32A45FF100093D53C /* LaunchScreen.storyboard in Resources */,
				2A8EFEF02A45FF100093D53C /* Assets.xcassets in Resources */,
			);
			runOnlyForDeploymentPostprocessing = 0;
		};
		2A8EFEF72A45FF100093D53C /* Resources */ = {
			isa = PBXResourcesBuildPhase;
			buildActionMask = 2147483647;
			files = (
			);
			runOnlyForDeploymentPostprocessing = 0;
		};
		2A8EFF012A45FF100093D53C /* Resources */ = {
			isa = PBXResourcesBuildPhase;
			buildActionMask = 2147483647;
			files = (
			);
			runOnlyForDeploymentPostprocessing = 0;
		};
/* End PBXResourcesBuildPhase section */

/* Begin PBXSourcesBuildPhase section */
		2A8EFEDC2A45FF0E0093D53C /* Sources */ = {
			isa = PBXSourcesBuildPhase;
			buildActionMask = 2147483647;
			files = (
				2A8EFEEE2A45FF0E0093D53C /* ChallangeRickAndMorty.xcdatamodeld in Sources */,
				2A8EFF1A2A4601AE0093D53C /* HomeView.swift in Sources */,
				2A8EFF202A461B810093D53C /* DetalhesView.swift in Sources */,
				2A8EFF1E2A4616170093D53C /* DetalhesViewController.swift in Sources */,
				2A8EFEE82A45FF0E0093D53C /* HomeViewController.swift in Sources */,
				2A8EFEE42A45FF0E0093D53C /* AppDelegate.swift in Sources */,
				2A8EFF1C2A4606A70093D53C /* HomeCell.swift in Sources */,
			);
			runOnlyForDeploymentPostprocessing = 0;
		};
		2A8EFEF52A45FF100093D53C /* Sources */ = {
			isa = PBXSourcesBuildPhase;
			buildActionMask = 2147483647;
			files = (
				2A8EFEFE2A45FF100093D53C /* ChallangeRickAndMortyTests.swift in Sources */,
			);
			runOnlyForDeploymentPostprocessing = 0;
		};
		2A8EFEFF2A45FF100093D53C /* Sources */ = {
			isa = PBXSourcesBuildPhase;
			buildActionMask = 2147483647;
			files = (
				2A8EFF082A45FF100093D53C /* ChallangeRickAndMortyUITests.swift in Sources */,
				2A8EFF0A2A45FF100093D53C /* ChallangeRickAndMortyUITestsLaunchTests.swift in Sources */,
			);
			runOnlyForDeploymentPostprocessing = 0;
		};
/* End PBXSourcesBuildPhase section */

/* Begin PBXTargetDependency section */
		2A8EFEFB2A45FF100093D53C /* PBXTargetDependency */ = {
			isa = PBXTargetDependency;
			target = 2A8EFEDF2A45FF0E0093D53C /* ChallangeRickAndMorty */;
			targetProxy = 2A8EFEFA2A45FF100093D53C /* PBXContainerItemProxy */;
		};
		2A8EFF052A45FF100093D53C /* PBXTargetDependency */ = {
			isa = PBXTargetDependency;
			target = 2A8EFEDF2A45FF0E0093D53C /* ChallangeRickAndMorty */;
			targetProxy = 2A8EFF042A45FF100093D53C /* PBXContainerItemProxy */;
		};
/* End PBXTargetDependency section */

/* Begin PBXVariantGroup section */
		2A8EFEF12A45FF100093D53C /* LaunchScreen.storyboard */ = {
			isa = PBXVariantGroup;
			children = (
				2A8EFEF22A45FF100093D53C /* Base */,
			);
			name = LaunchScreen.storyboard;
			sourceTree = "<group>";
		};
/* End PBXVariantGroup section */

/* Begin XCBuildConfiguration section */
		2A8EFF0B2A45FF100093D53C /* Debug */ = {
			isa = XCBuildConfiguration;
			buildSettings = {
				ALWAYS_SEARCH_USER_PATHS = NO;
				CLANG_ANALYZER_NONNULL = YES;
				CLANG_ANALYZER_NUMBER_OBJECT_CONVERSION = YES_AGGRESSIVE;
				CLANG_CXX_LANGUAGE_STANDARD = "gnu++20";
				CLANG_ENABLE_MODULES = YES;
				CLANG_ENABLE_OBJC_ARC = YES;
				CLANG_ENABLE_OBJC_WEAK = YES;
				CLANG_WARN_BLOCK_CAPTURE_AUTORELEASING = YES;
				CLANG_WARN_BOOL_CONVERSION = YES;
				CLANG_WARN_COMMA = YES;
				CLANG_WARN_CONSTANT_CONVERSION = YES;
				CLANG_WARN_DEPRECATED_OBJC_IMPLEMENTATIONS = YES;
				CLANG_WARN_DIRECT_OBJC_ISA_USAGE = YES_ERROR;
				CLANG_WARN_DOCUMENTATION_COMMENTS = YES;
				CLANG_WARN_EMPTY_BODY = YES;
				CLANG_WARN_ENUM_CONVERSION = YES;
				CLANG_WARN_INFINITE_RECURSION = YES;
				CLANG_WARN_INT_CONVERSION = YES;
				CLANG_WARN_NON_LITERAL_NULL_CONVERSION = YES;
				CLANG_WARN_OBJC_IMPLICIT_RETAIN_SELF = YES;
				CLANG_WARN_OBJC_LITERAL_CONVERSION = YES;
				CLANG_WARN_OBJC_ROOT_CLASS = YES_ERROR;
				CLANG_WARN_QUOTED_INCLUDE_IN_FRAMEWORK_HEADER = YES;
				CLANG_WARN_RANGE_LOOP_ANALYSIS = YES;
				CLANG_WARN_STRICT_PROTOTYPES = YES;
				CLANG_WARN_SUSPICIOUS_MOVE = YES;
				CLANG_WARN_UNGUARDED_AVAILABILITY = YES_AGGRESSIVE;
				CLANG_WARN_UNREACHABLE_CODE = YES;
				CLANG_WARN__DUPLICATE_METHOD_MATCH = YES;
				COPY_PHASE_STRIP = NO;
				DEBUG_INFORMATION_FORMAT = dwarf;
				ENABLE_STRICT_OBJC_MSGSEND = YES;
				ENABLE_TESTABILITY = YES;
				GCC_C_LANGUAGE_STANDARD = gnu11;
				GCC_DYNAMIC_NO_PIC = NO;
				GCC_NO_COMMON_BLOCKS = YES;
				GCC_OPTIMIZATION_LEVEL = 0;
				GCC_PREPROCESSOR_DEFINITIONS = (
					"DEBUG=1",
					"$(inherited)",
				);
				GCC_WARN_64_TO_32_BIT_CONVERSION = YES;
				GCC_WARN_ABOUT_RETURN_TYPE = YES_ERROR;
				GCC_WARN_UNDECLARED_SELECTOR = YES;
				GCC_WARN_UNINITIALIZED_AUTOS = YES_AGGRESSIVE;
				GCC_WARN_UNUSED_FUNCTION = YES;
				GCC_WARN_UNUSED_VARIABLE = YES;
				IPHONEOS_DEPLOYMENT_TARGET = 16.2;
				MTL_ENABLE_DEBUG_INFO = INCLUDE_SOURCE;
				MTL_FAST_MATH = YES;
				ONLY_ACTIVE_ARCH = YES;
				SDKROOT = iphoneos;
				SWIFT_ACTIVE_COMPILATION_CONDITIONS = DEBUG;
				SWIFT_OPTIMIZATION_LEVEL = "-Onone";
			};
			name = Debug;
		};
		2A8EFF0C2A45FF100093D53C /* Release */ = {
			isa = XCBuildConfiguration;
			buildSettings = {
				ALWAYS_SEARCH_USER_PATHS = NO;
				CLANG_ANALYZER_NONNULL = YES;
				CLANG_ANALYZER_NUMBER_OBJECT_CONVERSION = YES_AGGRESSIVE;
				CLANG_CXX_LANGUAGE_STANDARD = "gnu++20";
				CLANG_ENABLE_MODULES = YES;
				CLANG_ENABLE_OBJC_ARC = YES;
				CLANG_ENABLE_OBJC_WEAK = YES;
				CLANG_WARN_BLOCK_CAPTURE_AUTORELEASING = YES;
				CLANG_WARN_BOOL_CONVERSION = YES;
				CLANG_WARN_COMMA = YES;
				CLANG_WARN_CONSTANT_CONVERSION = YES;
				CLANG_WARN_DEPRECATED_OBJC_IMPLEMENTATIONS = YES;
				CLANG_WARN_DIRECT_OBJC_ISA_USAGE = YES_ERROR;
				CLANG_WARN_DOCUMENTATION_COMMENTS = YES;
				CLANG_WARN_EMPTY_BODY = YES;
				CLANG_WARN_ENUM_CONVERSION = YES;
				CLANG_WARN_INFINITE_RECURSION = YES;
				CLANG_WARN_INT_CONVERSION = YES;
				CLANG_WARN_NON_LITERAL_NULL_CONVERSION = YES;
				CLANG_WARN_OBJC_IMPLICIT_RETAIN_SELF = YES;
				CLANG_WARN_OBJC_LITERAL_CONVERSION = YES;
				CLANG_WARN_OBJC_ROOT_CLASS = YES_ERROR;
				CLANG_WARN_QUOTED_INCLUDE_IN_FRAMEWORK_HEADER = YES;
				CLANG_WARN_RANGE_LOOP_ANALYSIS = YES;
				CLANG_WARN_STRICT_PROTOTYPES = YES;
				CLANG_WARN_SUSPICIOUS_MOVE = YES;
				CLANG_WARN_UNGUARDED_AVAILABILITY = YES_AGGRESSIVE;
				CLANG_WARN_UNREACHABLE_CODE = YES;
				CLANG_WARN__DUPLICATE_METHOD_MATCH = YES;
				COPY_PHASE_STRIP = NO;
				DEBUG_INFORMATION_FORMAT = "dwarf-with-dsym";
				ENABLE_NS_ASSERTIONS = NO;
				ENABLE_STRICT_OBJC_MSGSEND = YES;
				GCC_C_LANGUAGE_STANDARD = gnu11;
				GCC_NO_COMMON_BLOCKS = YES;
				GCC_WARN_64_TO_32_BIT_CONVERSION = YES;
				GCC_WARN_ABOUT_RETURN_TYPE = YES_ERROR;
				GCC_WARN_UNDECLARED_SELECTOR = YES;
				GCC_WARN_UNINITIALIZED_AUTOS = YES_AGGRESSIVE;
				GCC_WARN_UNUSED_FUNCTION = YES;
				GCC_WARN_UNUSED_VARIABLE = YES;
				IPHONEOS_DEPLOYMENT_TARGET = 16.2;
				MTL_ENABLE_DEBUG_INFO = NO;
				MTL_FAST_MATH = YES;
				SDKROOT = iphoneos;
				SWIFT_COMPILATION_MODE = wholemodule;
				SWIFT_OPTIMIZATION_LEVEL = "-O";
				VALIDATE_PRODUCT = YES;
			};
			name = Release;
		};
		2A8EFF0E2A45FF100093D53C /* Debug */ = {
			isa = XCBuildConfiguration;
			buildSettings = {
				ASSETCATALOG_COMPILER_APPICON_NAME = AppIcon;
				ASSETCATALOG_COMPILER_GLOBAL_ACCENT_COLOR_NAME = AccentColor;
				CODE_SIGN_STYLE = Automatic;
				CURRENT_PROJECT_VERSION = 1;
				DEVELOPMENT_TEAM = P2FGCKQAA9;
				GENERATE_INFOPLIST_FILE = YES;
				INFOPLIST_FILE = ChallangeRickAndMorty/Info.plist;
				INFOPLIST_KEY_UIApplicationSupportsIndirectInputEvents = YES;
				INFOPLIST_KEY_UILaunchStoryboardName = LaunchScreen;
				INFOPLIST_KEY_UISupportedInterfaceOrientations_iPad = "UIInterfaceOrientationPortrait UIInterfaceOrientationPortraitUpsideDown UIInterfaceOrientationLandscapeLeft UIInterfaceOrientationLandscapeRight";
				INFOPLIST_KEY_UISupportedInterfaceOrientations_iPhone = "UIInterfaceOrientationPortrait UIInterfaceOrientationLandscapeLeft UIInterfaceOrientationLandscapeRight";
				LD_RUNPATH_SEARCH_PATHS = (
					"$(inherited)",
					"@executable_path/Frameworks",
				);
				MARKETING_VERSION = 1.0;
				PRODUCT_BUNDLE_IDENTIFIER = com.anapontes.ChallangeRickAndMorty;
				PRODUCT_NAME = "$(TARGET_NAME)";
				SWIFT_EMIT_LOC_STRINGS = YES;
				SWIFT_VERSION = 5.0;
				TARGETED_DEVICE_FAMILY = "1,2";
			};
			name = Debug;
		};
		2A8EFF0F2A45FF100093D53C /* Release */ = {
			isa = XCBuildConfiguration;
			buildSettings = {
				ASSETCATALOG_COMPILER_APPICON_NAME = AppIcon;
				ASSETCATALOG_COMPILER_GLOBAL_ACCENT_COLOR_NAME = AccentColor;
				CODE_SIGN_STYLE = Automatic;
				CURRENT_PROJECT_VERSION = 1;
				DEVELOPMENT_TEAM = P2FGCKQAA9;
				GENERATE_INFOPLIST_FILE = YES;
				INFOPLIST_FILE = ChallangeRickAndMorty/Info.plist;
				INFOPLIST_KEY_UIApplicationSupportsIndirectInputEvents = YES;
				INFOPLIST_KEY_UILaunchStoryboardName = LaunchScreen;
				INFOPLIST_KEY_UISupportedInterfaceOrientations_iPad = "UIInterfaceOrientationPortrait UIInterfaceOrientationPortraitUpsideDown UIInterfaceOrientationLandscapeLeft UIInterfaceOrientationLandscapeRight";
				INFOPLIST_KEY_UISupportedInterfaceOrientations_iPhone = "UIInterfaceOrientationPortrait UIInterfaceOrientationLandscapeLeft UIInterfaceOrientationLandscapeRight";
				LD_RUNPATH_SEARCH_PATHS = (
					"$(inherited)",
					"@executable_path/Frameworks",
				);
				MARKETING_VERSION = 1.0;
				PRODUCT_BUNDLE_IDENTIFIER = com.anapontes.ChallangeRickAndMorty;
				PRODUCT_NAME = "$(TARGET_NAME)";
				SWIFT_EMIT_LOC_STRINGS = YES;
				SWIFT_VERSION = 5.0;
				TARGETED_DEVICE_FAMILY = "1,2";
			};
			name = Release;
		};
		2A8EFF112A45FF100093D53C /* Debug */ = {
			isa = XCBuildConfiguration;
			buildSettings = {
				ALWAYS_EMBED_SWIFT_STANDARD_LIBRARIES = YES;
				BUNDLE_LOADER = "$(TEST_HOST)";
				CODE_SIGN_STYLE = Automatic;
				CURRENT_PROJECT_VERSION = 1;
				DEVELOPMENT_TEAM = P2FGCKQAA9;
				GENERATE_INFOPLIST_FILE = YES;
				IPHONEOS_DEPLOYMENT_TARGET = 16.2;
				MARKETING_VERSION = 1.0;
				PRODUCT_BUNDLE_IDENTIFIER = com.anapontes.ChallangeRickAndMortyTests;
				PRODUCT_NAME = "$(TARGET_NAME)";
				SWIFT_EMIT_LOC_STRINGS = NO;
				SWIFT_VERSION = 5.0;
				TARGETED_DEVICE_FAMILY = "1,2";
				TEST_HOST = "$(BUILT_PRODUCTS_DIR)/ChallangeRickAndMorty.app/$(BUNDLE_EXECUTABLE_FOLDER_PATH)/ChallangeRickAndMorty";
			};
			name = Debug;
		};
		2A8EFF122A45FF100093D53C /* Release */ = {
			isa = XCBuildConfiguration;
			buildSettings = {
				ALWAYS_EMBED_SWIFT_STANDARD_LIBRARIES = YES;
				BUNDLE_LOADER = "$(TEST_HOST)";
				CODE_SIGN_STYLE = Automatic;
				CURRENT_PROJECT_VERSION = 1;
				DEVELOPMENT_TEAM = P2FGCKQAA9;
				GENERATE_INFOPLIST_FILE = YES;
				IPHONEOS_DEPLOYMENT_TARGET = 16.2;
				MARKETING_VERSION = 1.0;
				PRODUCT_BUNDLE_IDENTIFIER = com.anapontes.ChallangeRickAndMortyTests;
				PRODUCT_NAME = "$(TARGET_NAME)";
				SWIFT_EMIT_LOC_STRINGS = NO;
				SWIFT_VERSION = 5.0;
				TARGETED_DEVICE_FAMILY = "1,2";
				TEST_HOST = "$(BUILT_PRODUCTS_DIR)/ChallangeRickAndMorty.app/$(BUNDLE_EXECUTABLE_FOLDER_PATH)/ChallangeRickAndMorty";
			};
			name = Release;
		};
		2A8EFF142A45FF100093D53C /* Debug */ = {
			isa = XCBuildConfiguration;
			buildSettings = {
				ALWAYS_EMBED_SWIFT_STANDARD_LIBRARIES = YES;
				CODE_SIGN_STYLE = Automatic;
				CURRENT_PROJECT_VERSION = 1;
				DEVELOPMENT_TEAM = P2FGCKQAA9;
				GENERATE_INFOPLIST_FILE = YES;
				MARKETING_VERSION = 1.0;
				PRODUCT_BUNDLE_IDENTIFIER = com.anapontes.ChallangeRickAndMortyUITests;
				PRODUCT_NAME = "$(TARGET_NAME)";
				SWIFT_EMIT_LOC_STRINGS = NO;
				SWIFT_VERSION = 5.0;
				TARGETED_DEVICE_FAMILY = "1,2";
				TEST_TARGET_NAME = ChallangeRickAndMorty;
			};
			name = Debug;
		};
		2A8EFF152A45FF100093D53C /* Release */ = {
			isa = XCBuildConfiguration;
			buildSettings = {
				ALWAYS_EMBED_SWIFT_STANDARD_LIBRARIES = YES;
				CODE_SIGN_STYLE = Automatic;
				CURRENT_PROJECT_VERSION = 1;
				DEVELOPMENT_TEAM = P2FGCKQAA9;
				GENERATE_INFOPLIST_FILE = YES;
				MARKETING_VERSION = 1.0;
				PRODUCT_BUNDLE_IDENTIFIER = com.anapontes.ChallangeRickAndMortyUITests;
				PRODUCT_NAME = "$(TARGET_NAME)";
				SWIFT_EMIT_LOC_STRINGS = NO;
				SWIFT_VERSION = 5.0;
				TARGETED_DEVICE_FAMILY = "1,2";
				TEST_TARGET_NAME = ChallangeRickAndMorty;
			};
			name = Release;
		};
/* End XCBuildConfiguration section */

/* Begin XCConfigurationList section */
		2A8EFEDB2A45FF0E0093D53C /* Build configuration list for PBXProject "ChallangeRickAndMorty" */ = {
			isa = XCConfigurationList;
			buildConfigurations = (
				2A8EFF0B2A45FF100093D53C /* Debug */,
				2A8EFF0C2A45FF100093D53C /* Release */,
			);
			defaultConfigurationIsVisible = 0;
			defaultConfigurationName = Release;
		};
		2A8EFF0D2A45FF100093D53C /* Build configuration list for PBXNativeTarget "ChallangeRickAndMorty" */ = {
			isa = XCConfigurationList;
			buildConfigurations = (
				2A8EFF0E2A45FF100093D53C /* Debug */,
				2A8EFF0F2A45FF100093D53C /* Release */,
			);
			defaultConfigurationIsVisible = 0;
			defaultConfigurationName = Release;
		};
		2A8EFF102A45FF100093D53C /* Build configuration list for PBXNativeTarget "ChallangeRickAndMortyTests" */ = {
			isa = XCConfigurationList;
			buildConfigurations = (
				2A8EFF112A45FF100093D53C /* Debug */,
				2A8EFF122A45FF100093D53C /* Release */,
			);
			defaultConfigurationIsVisible = 0;
			defaultConfigurationName = Release;
		};
		2A8EFF132A45FF100093D53C /* Build configuration list for PBXNativeTarget "ChallangeRickAndMortyUITests" */ = {
			isa = XCConfigurationList;
			buildConfigurations = (
				2A8EFF142A45FF100093D53C /* Debug */,
				2A8EFF152A45FF100093D53C /* Release */,
			);
			defaultConfigurationIsVisible = 0;
			defaultConfigurationName = Release;
		};
/* End XCConfigurationList section */

/* Begin XCVersionGroup section */
		2A8EFEEC2A45FF0E0093D53C /* ChallangeRickAndMorty.xcdatamodeld */ = {
			isa = XCVersionGroup;
			children = (
				2A8EFEED2A45FF0E0093D53C /* ChallangeRickAndMorty.xcdatamodel */,
			);
			currentVersion = 2A8EFEED2A45FF0E0093D53C /* ChallangeRickAndMorty.xcdatamodel */;
			path = ChallangeRickAndMorty.xcdatamodeld;
			sourceTree = "<group>";
			versionGroupType = wrapper.xcdatamodel;
		};
/* End XCVersionGroup section */
	};
	rootObject = 2A8EFED82A45FF0E0093D53C /* Project object */;
}
